
Microsoft Visual Studio Solution File, Format Version 12.00
# Visual Studio Version 17
VisualStudioVersion = 17.3.32819.101
MinimumVisualStudioVersion = 10.0.40219.1
Project("{FAE04EC0-301F-11D3-BF4B-00C04F79EFBC}") = "Conceitos_basicos", "Conceitos_basicos\Conceitos_basicos.csproj", "{41FF0479-46C2-48A6-85C0-B6B843C79DB0}"
EndProject
Global
	GlobalSection(SolutionConfigurationPlatforms) = preSolution
		Debug|Any CPU = Debug|Any CPU
		Release|Any CPU = Release|Any CPU
	EndGlobalSection
	GlobalSection(ProjectConfigurationPlatforms) = postSolution
		{41FF0479-46C2-48A6-85C0-B6B843C79DB0}.Debug|Any CPU.ActiveCfg = Debug|Any CPU
		{41FF0479-46C2-48A6-85C0-B6B843C79DB0}.Debug|Any CPU.Build.0 = Debug|Any CPU
		{41FF0479-46C2-48A6-85C0-B6B843C79DB0}.Release|Any CPU.ActiveCfg = Release|Any CPU
		{41FF0479-46C2-48A6-85C0-B6B843C79DB0}.Release|Any CPU.Build.0 = Release|Any CPU
	EndGlobalSection
	GlobalSection(SolutionProperties) = preSolution
		HideSolutionNode = FALSE
	EndGlobalSection
	GlobalSection(ExtensibilityGlobals) = postSolution
		SolutionGuid = {28048D53-A1C1-45BC-B508-6CFB29A9984C}
	EndGlobalSection
EndGlobal
